
Microsoft Visual Studio Solution File, Format Version 12.00
# Visual Studio Version 16
VisualStudioVersion = 16.0.31424.327
MinimumVisualStudioVersion = 10.0.40219.1
Project("{9A19103F-16F7-4668-BE54-9A1E7A4F7556}") = "ProjectLineCounter", "ProjectLineCounter\ProjectLineCounter.csproj", "{E271B9B4-E1FC-4BB2-AD73-CC1ADA2631BF}"
EndProject
Project("{9A19103F-16F7-4668-BE54-9A1E7A4F7556}") = "ProjectManager", "ProjectManager\ProjectManager.csproj", "{1F2EA5A3-9F36-48B4-8AC9-093AD13CEF8C}"
EndProject
Project("{FAE04EC0-301F-11D3-BF4B-00C04F79EFBC}") = "ProjectManagerGUI", "ProjectManagerGUI\ProjectManagerGUI.csproj", "{CACD7557-1519-4D2A-96B0-9F1404F7723A}"
EndProject
Global
	GlobalSection(SolutionConfigurationPlatforms) = preSolution
		Debug|Any CPU = Debug|Any CPU
		Debug|x64 = Debug|x64
		Debug|x86 = Debug|x86
		Release|Any CPU = Release|Any CPU
		Release|x64 = Release|x64
		Release|x86 = Release|x86
	EndGlobalSection
	GlobalSection(ProjectConfigurationPlatforms) = postSolution
		{E271B9B4-E1FC-4BB2-AD73-CC1ADA2631BF}.Debug|Any CPU.ActiveCfg = Debug|Any CPU
		{E271B9B4-E1FC-4BB2-AD73-CC1ADA2631BF}.Debug|Any CPU.Build.0 = Debug|Any CPU
		{E271B9B4-E1FC-4BB2-AD73-CC1ADA2631BF}.Debug|x64.ActiveCfg = Debug|Any CPU
		{E271B9B4-E1FC-4BB2-AD73-CC1ADA2631BF}.Debug|x64.Build.0 = Debug|Any CPU
		{E271B9B4-E1FC-4BB2-AD73-CC1ADA2631BF}.Debug|x86.ActiveCfg = Debug|x86
		{E271B9B4-E1FC-4BB2-AD73-CC1ADA2631BF}.Debug|x86.Build.0 = Debug|x86
		{E271B9B4-E1FC-4BB2-AD73-CC1ADA2631BF}.Release|Any CPU.ActiveCfg = Release|Any CPU
		{E271B9B4-E1FC-4BB2-AD73-CC1ADA2631BF}.Release|Any CPU.Build.0 = Release|Any CPU
		{E271B9B4-E1FC-4BB2-AD73-CC1ADA2631BF}.Release|x64.ActiveCfg = Release|x64
		{E271B9B4-E1FC-4BB2-AD73-CC1ADA2631BF}.Release|x64.Build.0 = Release|x64
		{E271B9B4-E1FC-4BB2-AD73-CC1ADA2631BF}.Release|x86.ActiveCfg = Release|x86
		{E271B9B4-E1FC-4BB2-AD73-CC1ADA2631BF}.Release|x86.Build.0 = Release|x86
		{1F2EA5A3-9F36-48B4-8AC9-093AD13CEF8C}.Debug|Any CPU.ActiveCfg = Debug|Any CPU
		{1F2EA5A3-9F36-48B4-8AC9-093AD13CEF8C}.Debug|Any CPU.Build.0 = Debug|Any CPU
		{1F2EA5A3-9F36-48B4-8AC9-093AD13CEF8C}.Debug|x64.ActiveCfg = Debug|Any CPU
		{1F2EA5A3-9F36-48B4-8AC9-093AD13CEF8C}.Debug|x64.Build.0 = Debug|Any CPU
		{1F2EA5A3-9F36-48B4-8AC9-093AD13CEF8C}.Debug|x86.ActiveCfg = Debug|x86
		{1F2EA5A3-9F36-48B4-8AC9-093AD13CEF8C}.Debug|x86.Build.0 = Debug|x86
		{1F2EA5A3-9F36-48B4-8AC9-093AD13CEF8C}.Release|Any CPU.ActiveCfg = Release|Any CPU
		{1F2EA5A3-9F36-48B4-8AC9-093AD13CEF8C}.Release|Any CPU.Build.0 = Release|Any CPU
		{1F2EA5A3-9F36-48B4-8AC9-093AD13CEF8C}.Release|x64.ActiveCfg = Release|x64
		{1F2EA5A3-9F36-48B4-8AC9-093AD13CEF8C}.Release|x64.Build.0 = Release|x64
		{1F2EA5A3-9F36-48B4-8AC9-093AD13CEF8C}.Release|x86.ActiveCfg = Release|x86
		{1F2EA5A3-9F36-48B4-8AC9-093AD13CEF8C}.Release|x86.Build.0 = Release|x86
		{CACD7557-1519-4D2A-96B0-9F1404F7723A}.Debug|Any CPU.ActiveCfg = Debug|Any CPU
		{CACD7557-1519-4D2A-96B0-9F1404F7723A}.Debug|Any CPU.Build.0 = Debug|Any CPU
		{CACD7557-1519-4D2A-96B0-9F1404F7723A}.Debug|x64.ActiveCfg = Debug|Any CPU
		{CACD7557-1519-4D2A-96B0-9F1404F7723A}.Debug|x64.Build.0 = Debug|Any CPU
		{CACD7557-1519-4D2A-96B0-9F1404F7723A}.Debug|x86.ActiveCfg = Debug|Any CPU
		{CACD7557-1519-4D2A-96B0-9F1404F7723A}.Debug|x86.Build.0 = Debug|Any CPU
		{CACD7557-1519-4D2A-96B0-9F1404F7723A}.Release|Any CPU.ActiveCfg = Release|Any CPU
		{CACD7557-1519-4D2A-96B0-9F1404F7723A}.Release|Any CPU.Build.0 = Release|Any CPU
		{CACD7557-1519-4D2A-96B0-9F1404F7723A}.Release|x64.ActiveCfg = Release|x64
		{CACD7557-1519-4D2A-96B0-9F1404F7723A}.Release|x64.Build.0 = Release|x64
		{CACD7557-1519-4D2A-96B0-9F1404F7723A}.Release|x86.ActiveCfg = Release|Any CPU
		{CACD7557-1519-4D2A-96B0-9F1404F7723A}.Release|x86.Build.0 = Release|Any CPU
	EndGlobalSection
	GlobalSection(SolutionProperties) = preSolution
		HideSolutionNode = FALSE
	EndGlobalSection
	GlobalSection(ExtensibilityGlobals) = postSolution
		SolutionGuid = {CA1A1A16-9E4F-4C74-9B09-E802396045DF}
	EndGlobalSection
EndGlobal
